# Ferrum ecosystem — cross-repo version pins
#
# WHO UPDATES THIS FILE
#   Release engineer when cutting a Ferrum release (see RELEASING.md):
#     1. Bump FERRUM_VERSION to the new v*.*.* tag.
#     2. Set GA4GH_INFRA_REF to a compatible ga4gh-infra git tag (ga4gh-infra-v*).
#     3. Set HELIXTEST_REF to a HelixTest tag (vX.Y.Z) or commit SHA.
#     4. Run CI on main, then tag and push Ferrum.
#   Also sync synapticfour-business pilot Dockerfiles / build-pilot-image.sh checks.
#
# WHO READS THIS FILE
#   - Ferrum CI (.github/workflows/* via load-versions action)
#   - deploy/docker-compose.yml (GA4GH_INFRA_REF build-arg)
#   - deploy/scripts/run-helixtest-local.sh
#   - synapticfour-business pilot-deploy (sources this file from sibling Ferrum/)

# Ferrum release tag (customer bundles, pilot FERRUM_REF)
FERRUM_VERSION=v0.2.0

# ga4gh-infra — separate download (decision: Option B). Git ref for clone/build.
# Tagged on origin 2026-08-01: ga4gh-infra-v0.1.0 → 55d44957a1ee91140f83b6598ce0f9c492148d15
GA4GH_INFRA_REF=ga4gh-infra-v0.1.0
GA4GH_INFRA_TAG=ga4gh-infra-v0.1.0
GA4GH_INFRA_SHA=55d44957a1ee91140f83b6598ce0f9c492148d15

# Docker image pins for ga4gh-infra compose (see ga4gh-infra/docker/.env.example)
GA4GH_INFRA_IMAGE_VERSION=0.1.0

# HelixTest — optional customer verification (decision: Option B, not in Ferrum bundle)
# Latest origin/main as of 2026-08-15 (htsget region POST → 400 for Ferrum modes).
HELIXTEST_REF=0ed7a96db3e45ddd58fdf26ab0428491ca2b1444
HELIXTEST_TAG=v0.1.0
HELIXTEST_SHA=0ed7a96db3e45ddd58fdf26ab0428491ca2b1444
